
Microsoft Visual Studio Solution File, Format Version 12.00
# Visual Studio Version 17
VisualStudioVersion = 17.5.002.0
MinimumVisualStudioVersion = 10.0.40219.1
Project("{9A19103F-16F7-4668-BE54-9A1E7A4F7556}") = "Biblioteca", "Biblioteca\Biblioteca.csproj", "{5AD1DC15-E0B3-43CA-8356-415687C43BFA}"
EndProject
Project("{9A19103F-16F7-4668-BE54-9A1E7A4F7556}") = "Consola", "Consola\Consola.csproj", "{0F910A1B-7AAE-4878-8EE3-19BCEECC9E56}"
EndProject
Global
	GlobalSection(SolutionConfigurationPlatforms) = preSolution
		Debug|Any CPU = Debug|Any CPU
		Release|Any CPU = Release|Any CPU
	EndGlobalSection
	GlobalSection(ProjectConfigurationPlatforms) = postSolution
		{5AD1DC15-E0B3-43CA-8356-415687C43BFA}.Debug|Any CPU.ActiveCfg = Debug|Any CPU
		{5AD1DC15-E0B3-43CA-8356-415687C43BFA}.Debug|Any CPU.Build.0 = Debug|Any CPU
		{5AD1DC15-E0B3-43CA-8356-415687C43BFA}.Release|Any CPU.ActiveCfg = Release|Any CPU
		{5AD1DC15-E0B3-43CA-8356-415687C43BFA}.Release|Any CPU.Build.0 = Release|Any CPU
		{0F910A1B-7AAE-4878-8EE3-19BCEECC9E56}.Debug|Any CPU.ActiveCfg = Debug|Any CPU
		{0F910A1B-7AAE-4878-8EE3-19BCEECC9E56}.Debug|Any CPU.Build.0 = Debug|Any CPU
		{0F910A1B-7AAE-4878-8EE3-19BCEECC9E56}.Release|Any CPU.ActiveCfg = Release|Any CPU
		{0F910A1B-7AAE-4878-8EE3-19BCEECC9E56}.Release|Any CPU.Build.0 = Release|Any CPU
	EndGlobalSection
	GlobalSection(SolutionProperties) = preSolution
		HideSolutionNode = FALSE
	EndGlobalSection
	GlobalSection(ExtensibilityGlobals) = postSolution
		SolutionGuid = {A6E7BD65-96AA-4B17-A42C-E8A413401142}
	EndGlobalSection
EndGlobal
